
Microsoft Visual Studio Solution File, Format Version 12.00
# Visual Studio Version 17
VisualStudioVersion = 17.4.33122.133
MinimumVisualStudioVersion = 10.0.40219.1
Project("{FAE04EC0-301F-11D3-BF4B-00C04F79EFBC}") = "bin-archive-compiler", "bin-archive-compiler\bin-archive-compiler.csproj", "{48AB72DD-1EEB-4719-81AF-23227C8BE3BE}"
EndProject
Global
	GlobalSection(SolutionConfigurationPlatforms) = preSolution
		Debug|Any CPU = Debug|Any CPU
		Release|Any CPU = Release|Any CPU
	EndGlobalSection
	GlobalSection(ProjectConfigurationPlatforms) = postSolution
		{48AB72DD-1EEB-4719-81AF-23227C8BE3BE}.Debug|Any CPU.ActiveCfg = Debug|Any CPU
		{48AB72DD-1EEB-4719-81AF-23227C8BE3BE}.Debug|Any CPU.Build.0 = Debug|Any CPU
		{48AB72DD-1EEB-4719-81AF-23227C8BE3BE}.Release|Any CPU.ActiveCfg = Release|Any CPU
		{48AB72DD-1EEB-4719-81AF-23227C8BE3BE}.Release|Any CPU.Build.0 = Release|Any CPU
	EndGlobalSection
	GlobalSection(SolutionProperties) = preSolution
		HideSolutionNode = FALSE
	EndGlobalSection
	GlobalSection(ExtensibilityGlobals) = postSolution
		SolutionGuid = {2EA55F58-BAE6-426C-9501-2EE33D75737C}
	EndGlobalSection
EndGlobal
